<Solution>
  <Folder Name="/src/">
    <Project Path="src/GoldsrcNetClient.Cli/GoldsrcNetClient.Cli.csproj" />
    <Project Path="src/GoldsrcNetClient.Core/GoldsrcNetClient.Core.csproj" />
    <Project Path="src/GoldsrcNetClient.SteamProvider/GoldsrcNetClient.SteamProvider.csproj" />
    <Project Path="src/GoldsrcNetClient.Test/GoldsrcNetClient.Test.csproj" />
    <Project Path="src/GoldsrcNetClient.Tui/GoldsrcNetClient.Tui.csproj" />
  </Folder>
</Solution>
